
Microsoft Visual Studio Solution File, Format Version 12.00
# Visual Studio Version 16
VisualStudioVersion = 16.0.31205.134
MinimumVisualStudioVersion = 10.0.40219.1
Project("{FAE04EC0-301F-11D3-BF4B-00C04F79EFBC}") = "chess", "chess\chess.csproj", "{4BBD94DA-46A0-427C-BC39-F59C8A6D800F}"
EndProject
Global
	GlobalSection(SolutionConfigurationPlatforms) = preSolution
		Debug|Any CPU = Debug|Any CPU
		Release|Any CPU = Release|Any CPU
	EndGlobalSection
	GlobalSection(ProjectConfigurationPlatforms) = postSolution
		{4BBD94DA-46A0-427C-BC39-F59C8A6D800F}.Debug|Any CPU.ActiveCfg = Debug|Any CPU
		{4BBD94DA-46A0-427C-BC39-F59C8A6D800F}.Debug|Any CPU.Build.0 = Debug|Any CPU
		{4BBD94DA-46A0-427C-BC39-F59C8A6D800F}.Release|Any CPU.ActiveCfg = Release|Any CPU
		{4BBD94DA-46A0-427C-BC39-F59C8A6D800F}.Release|Any CPU.Build.0 = Release|Any CPU
	EndGlobalSection
	GlobalSection(SolutionProperties) = preSolution
		HideSolutionNode = FALSE
	EndGlobalSection
	GlobalSection(ExtensibilityGlobals) = postSolution
		SolutionGuid = {847A0D51-DFFC-41E5-BA58-8528388F783C}
	EndGlobalSection
EndGlobal
